
Microsoft Visual Studio Solution File, Format Version 12.00
# Visual Studio 2015
Project("{FAE04EC0-301F-11D3-BF4B-00C04F79EFBC}") = "unity_spaceshooter.CSharp", "unity_spaceshooter.CSharp.csproj", "{2E98F0ED-9501-6AFB-039D-21860364CC46}"
EndProject
Global
	GlobalSection(SolutionConfigurationPlatforms) = preSolution
		Debug|Any CPU = Debug|Any CPU
		Release|Any CPU = Release|Any CPU
	EndGlobalSection
	GlobalSection(ProjectConfigurationPlatforms) = postSolution
		{2E98F0ED-9501-6AFB-039D-21860364CC46}.Debug|Any CPU.ActiveCfg = Debug|Any CPU
		{2E98F0ED-9501-6AFB-039D-21860364CC46}.Debug|Any CPU.Build.0 = Debug|Any CPU
		{2E98F0ED-9501-6AFB-039D-21860364CC46}.Release|Any CPU.ActiveCfg = Release|Any CPU
		{2E98F0ED-9501-6AFB-039D-21860364CC46}.Release|Any CPU.Build.0 = Release|Any CPU
	EndGlobalSection
	GlobalSection(SolutionProperties) = preSolution
		HideSolutionNode = FALSE
	EndGlobalSection
EndGlobal
